
Microsoft Visual Studio Solution File, Format Version 12.00
# Visual Studio Version 16
VisualStudioVersion = 16.0.28407.52
MinimumVisualStudioVersion = 10.0.40219.1
Project("{9A19103F-16F7-4668-BE54-9A1E7A4F7556}") = "SharpDX.Desktop.Core", "SharpDX.Desktop.Core\SharpDX.Desktop.Core.csproj", "{04E08468-526A-4CF1-A72D-ED69A02A4624}"
EndProject
Global
	GlobalSection(SolutionConfigurationPlatforms) = preSolution
		Debug|Any CPU = Debug|Any CPU
		Release|Any CPU = Release|Any CPU
	EndGlobalSection
	GlobalSection(ProjectConfigurationPlatforms) = postSolution
		{04E08468-526A-4CF1-A72D-ED69A02A4624}.Debug|Any CPU.ActiveCfg = Debug|Any CPU
		{04E08468-526A-4CF1-A72D-ED69A02A4624}.Debug|Any CPU.Build.0 = Debug|Any CPU
		{04E08468-526A-4CF1-A72D-ED69A02A4624}.Release|Any CPU.ActiveCfg = Release|Any CPU
		{04E08468-526A-4CF1-A72D-ED69A02A4624}.Release|Any CPU.Build.0 = Release|Any CPU
	EndGlobalSection
	GlobalSection(SolutionProperties) = preSolution
		HideSolutionNode = FALSE
	EndGlobalSection
	GlobalSection(ExtensibilityGlobals) = postSolution
		SolutionGuid = {4A6896A9-2397-4191-A665-9DB736759002}
	EndGlobalSection
EndGlobal
